
Microsoft Visual Studio Solution File, Format Version 12.00
# Visual Studio Version 16
VisualStudioVersion = 16.0.30621.155
MinimumVisualStudioVersion = 10.0.40219.1
Project("{FAE04EC0-301F-11D3-BF4B-00C04F79EFBC}") = "EvaluatorC", "EvaluatorC.csproj", "{9864D47C-CAEF-48CB-B233-BB9AACE0FAF8}"
EndProject
Global
	GlobalSection(SolutionConfigurationPlatforms) = preSolution
		Debug|Any CPU = Debug|Any CPU
		Release|Any CPU = Release|Any CPU
	EndGlobalSection
	GlobalSection(ProjectConfigurationPlatforms) = postSolution
		{9864D47C-CAEF-48CB-B233-BB9AACE0FAF8}.Debug|Any CPU.ActiveCfg = Debug|Any CPU
		{9864D47C-CAEF-48CB-B233-BB9AACE0FAF8}.Debug|Any CPU.Build.0 = Debug|Any CPU
		{9864D47C-CAEF-48CB-B233-BB9AACE0FAF8}.Release|Any CPU.ActiveCfg = Release|Any CPU
		{9864D47C-CAEF-48CB-B233-BB9AACE0FAF8}.Release|Any CPU.Build.0 = Release|Any CPU
	EndGlobalSection
	GlobalSection(SolutionProperties) = preSolution
		HideSolutionNode = FALSE
	EndGlobalSection
	GlobalSection(ExtensibilityGlobals) = postSolution
		SolutionGuid = {6906FD68-B27F-4FEC-83F0-B95A62540273}
	EndGlobalSection
EndGlobal
